
Microsoft Visual Studio Solution File, Format Version 12.00
# Visual Studio 15
VisualStudioVersion = 15.0.28307.421
MinimumVisualStudioVersion = 10.0.40219.1
Project("{FAE04EC0-301F-11D3-BF4B-00C04F79EFBC}") = "Tiderway", "Tiderway\Tiderway.csproj", "{57F2801C-4FD7-49E5-B5F9-7FB6DC4BAC31}"
EndProject
Global
	GlobalSection(SolutionConfigurationPlatforms) = preSolution
		Debug|Any CPU = Debug|Any CPU
		Release|Any CPU = Release|Any CPU
	EndGlobalSection
	GlobalSection(ProjectConfigurationPlatforms) = postSolution
		{57F2801C-4FD7-49E5-B5F9-7FB6DC4BAC31}.Debug|Any CPU.ActiveCfg = Debug|Any CPU
		{57F2801C-4FD7-49E5-B5F9-7FB6DC4BAC31}.Debug|Any CPU.Build.0 = Debug|Any CPU
		{57F2801C-4FD7-49E5-B5F9-7FB6DC4BAC31}.Release|Any CPU.ActiveCfg = Release|Any CPU
		{57F2801C-4FD7-49E5-B5F9-7FB6DC4BAC31}.Release|Any CPU.Build.0 = Release|Any CPU
	EndGlobalSection
	GlobalSection(SolutionProperties) = preSolution
		HideSolutionNode = FALSE
	EndGlobalSection
	GlobalSection(ExtensibilityGlobals) = postSolution
		SolutionGuid = {92F07F12-858F-470F-923E-B931D6C022D3}
	EndGlobalSection
EndGlobal
